github.com/barklan/hugo-dead-simple v1.75.46 h1:HV+tei3xvTJQ+kelNUE4pejzuSma3/E0Sp9KCC7pRKo=
github.com/barklan/hugo-dead-simple v1.75.46/go.mod h1:Ql5njM3SwZWMqWD1bt6UQoebKHIuRt37HeEkiWMUxXo=
github.com/barklan/hugo-dead-simple v1.75.48 h1:+UyUiQkqI1TlYMg1GuVd2X2B0u8obEee6qPBtbD2TtU=
github.com/barklan/hugo-dead-simple v1.75.48/go.mod h1:Ql5njM3SwZWMqWD1bt6UQoebKHIuRt37HeEkiWMUxXo=
github.com/barklan/hugo-dead-simple v1.75.58 h1:hDNrSsDLo7c6lkBOkQeeNdLfjCUQnvSqbCSx6s7RqFA=
github.com/barklan/hugo-dead-simple v1.75.58/go.mod h1:Ql5njM3SwZWMqWD1bt6UQoebKHIuRt37HeEkiWMUxXo=
github.com/barklan/hugo-dead-simple v1.75.59 h1:4JdOlxhKC7Xhxa1AVMaWTWBogFaI7QFq62ECHVmEaTQ=
github.com/barklan/hugo-dead-simple v1.75.59/go.mod h1:Ql5njM3SwZWMqWD1bt6UQoebKHIuRt37HeEkiWMUxXo=
github.com/barklan/hugo-dead-simple v1.75.69 h1:HbWG00I9TaPiCRhOky/2T45tAjkWhwIW5UII4yQT1J0=
github.com/barklan/hugo-dead-simple v1.75.69/go.mod h1:Ql5njM3SwZWMqWD1bt6UQoebKHIuRt37HeEkiWMUxXo=
github.com/barklan/hugo-dead-simple v1.76.0 h1:qOZuP2BZj20b9arYoqrl2/XbPpvmR6rXgiIpESndxog=
github.com/barklan/hugo-dead-simple v1.76.0/go.mod h1:Ql5njM3SwZWMqWD1bt6UQoebKHIuRt37HeEkiWMUxXo=
